
Microsoft Visual Studio Solution File, Format Version 12.00
# Visual Studio Version 16
VisualStudioVersion = 16.0.32630.194
MinimumVisualStudioVersion = 10.0.40219.1
Project("{9A19103F-16F7-4668-BE54-9A1E7A4F7556}") = "MovieTutorial.Web", "MovieTutorial\MovieTutorial.Web\MovieTutorial.Web.csproj", "{56548505-C04A-466F-BEAE-9C4CC0538B34}"
EndProject
Global
	GlobalSection(SolutionConfigurationPlatforms) = preSolution
		Debug|Any CPU = Debug|Any CPU
		Release|Any CPU = Release|Any CPU
	EndGlobalSection
	GlobalSection(ProjectConfigurationPlatforms) = postSolution
		{56548505-C04A-466F-BEAE-9C4CC0538B34}.Debug|Any CPU.ActiveCfg = Debug|Any CPU
		{56548505-C04A-466F-BEAE-9C4CC0538B34}.Debug|Any CPU.Build.0 = Debug|Any CPU
		{56548505-C04A-466F-BEAE-9C4CC0538B34}.Release|Any CPU.ActiveCfg = Release|Any CPU
		{56548505-C04A-466F-BEAE-9C4CC0538B34}.Release|Any CPU.Build.0 = Release|Any CPU
	EndGlobalSection
	GlobalSection(SolutionProperties) = preSolution
		HideSolutionNode = FALSE
	EndGlobalSection
	GlobalSection(ExtensibilityGlobals) = postSolution
		SolutionGuid = {BD26CA66-D2EA-4490-8417-A80049FC2A22}
	EndGlobalSection
EndGlobal
